{
  "name": "Portfolio",
  "lockfileVersion": 2,
  "requires": true,
  "packages": {
    "": {
      "dependencies": {
        "disable-devtool": "^0.3.1"
      }
    },
    "node_modules/disable-devtool": {
      "version": "0.3.1",
      "resolved": "https://registry.npmjs.org/disable-devtool/-/disable-devtool-0.3.1.tgz",
      "integrity": "sha512-Y8SNB7CI78udHvfFSr46oLo6D4SSMX0sKZI879rNQLza7CR3KzgdHK8I/Q55YiI7vR6wCYNJZKTglod1nC21mg=="
    }
  },
  "dependencies": {
    "disable-devtool": {
      "version": "0.3.1",
      "resolved": "https://registry.npmjs.org/disable-devtool/-/disable-devtool-0.3.1.tgz",
      "integrity": "sha512-Y8SNB7CI78udHvfFSr46oLo6D4SSMX0sKZI879rNQLza7CR3KzgdHK8I/Q55YiI7vR6wCYNJZKTglod1nC21mg=="
    }
  }
}
